git.jereileu.ch/gotables/client/go/gotables v0.1.2 h1:b9WQgpPG04U56nXqOwHwyhy7ViSjIdsW0MHSkf2u+z4=
git.jereileu.ch/gotables/client/go/gotables v0.1.2/go.mod h1:oOELC9nHiMhKX6zxo0HLFGnWt5WAlOBa0f/YJYrMQw0=
git.jereileu.ch/gotables/server/gt-server v0.2.2 h1:W9l2vHWxhCIOLdjeLnw6jbhgBehDle4NdtaZpmWUytU=
git.jereileu.ch/gotables/server/gt-server v0.2.2/go.mod h1:6910H1NOMB3VRyCMvKfiPsnCHujxKA3yQDwcMKmMST4=
