git.jereileu.ch/gotables/client/go/gotables v0.1.1 h1:bHMDGWyedJmTn1Ub3or99OPBwm8H6St3g5Fm5hrTiRQ=
git.jereileu.ch/gotables/client/go/gotables v0.1.1/go.mod h1:oOELC9nHiMhKX6zxo0HLFGnWt5WAlOBa0f/YJYrMQw0=
git.jereileu.ch/gotables/server/gt-server v0.2.2 h1:W9l2vHWxhCIOLdjeLnw6jbhgBehDle4NdtaZpmWUytU=
git.jereileu.ch/gotables/server/gt-server v0.2.2/go.mod h1:6910H1NOMB3VRyCMvKfiPsnCHujxKA3yQDwcMKmMST4=
